// !$*UTF8*$!
{
	archiveVersion = 1;
	classes = {
	};
	objectVersion = 51;
	objects = {

/* Begin PBXBuildFile section */
		030D2E552B015C8D01E00BC0 /* Pods_EGTest.framework in Frameworks */ = {isa = PBXBuildFile; fileRef = 2EDDC28C6C4ED3DE477D47B9 /* Pods_EGTest.framework */; };
		4C22736A25EC3A7D002F32F1 /* AppDelegate.swift in Sources */ = {isa = PBXBuildFile; fileRef = 4C22736925EC3A7D002F32F1 /* AppDelegate.swift */; };
		4C22736C25EC3A7D002F32F1 /* SceneDelegate.swift in Sources */ = {isa = PBXBuildFile; fileRef = 4C22736B25EC3A7D002F32F1 /* SceneDelegate.swift */; };
		4C22736E25EC3A7D002F32F1 /* ViewController.swift in Sources */ = {isa = PBXBuildFile; fileRef = 4C22736D25EC3A7D002F32F1 /* ViewController.swift */; };
		4C22737325EC3A81002F32F1 /* Assets.xcassets in Resources */ = {isa = PBXBuildFile; fileRef = 4C22737225EC3A81002F32F1 /* Assets.xcassets */; };
		4C22737625EC3A81002F32F1 /* LaunchScreen.storyboard in Resources */ = {isa = PBXBuildFile; fileRef = 4C22737425EC3A81002F32F1 /* LaunchScreen.storyboard */; };
		4C22738125EC3AE9002F32F1 /* Color.xcassets in Resources */ = {isa = PBXBuildFile; fileRef = 4C22738025EC3AE9002F32F1 /* Color.xcassets */; };
		4C22738725EC3B24002F32F1 /* CustomColor.swift in Sources */ = {isa = PBXBuildFile; fileRef = 4C22738625EC3B24002F32F1 /* CustomColor.swift */; };
		4C22738B25EC3C54002F32F1 /* NSMutableAttributedString+Extensions.swift in Sources */ = {isa = PBXBuildFile; fileRef = 4C22738A25EC3C54002F32F1 /* NSMutableAttributedString+Extensions.swift */; };
		4C22738F25EC3C72002F32F1 /* UIViewController+Extension.swift in Sources */ = {isa = PBXBuildFile; fileRef = 4C22738E25EC3C72002F32F1 /* UIViewController+Extension.swift */; };
		4C22739225EC3CB2002F32F1 /* CustomHttpError.swift in Sources */ = {isa = PBXBuildFile; fileRef = 4C22739125EC3CB2002F32F1 /* CustomHttpError.swift */; };
		4C22739925EC3D19002F32F1 /* OFL.txt in Resources */ = {isa = PBXBuildFile; fileRef = 4C22739425EC3D19002F32F1 /* OFL.txt */; };
		4C22739A25EC3D19002F32F1 /* MontserratAlternates-SemiBold.ttf in Resources */ = {isa = PBXBuildFile; fileRef = 4C22739525EC3D19002F32F1 /* MontserratAlternates-SemiBold.ttf */; };
		4C22739B25EC3D19002F32F1 /* MontserratAlternates-Regular.ttf in Resources */ = {isa = PBXBuildFile; fileRef = 4C22739625EC3D19002F32F1 /* MontserratAlternates-Regular.ttf */; };
		4C22739C25EC3D19002F32F1 /* MontserratAlternates-Medium.ttf in Resources */ = {isa = PBXBuildFile; fileRef = 4C22739725EC3D19002F32F1 /* MontserratAlternates-Medium.ttf */; };
		4C22739D25EC3D19002F32F1 /* MontserratAlternates-Bold.ttf in Resources */ = {isa = PBXBuildFile; fileRef = 4C22739825EC3D19002F32F1 /* MontserratAlternates-Bold.ttf */; };
		4C2273A125EC3D94002F32F1 /* CustomFont.swift in Sources */ = {isa = PBXBuildFile; fileRef = 4C2273A025EC3D94002F32F1 /* CustomFont.swift */; };
		4C2273A525EC3DC0002F32F1 /* DateHelper.swift in Sources */ = {isa = PBXBuildFile; fileRef = 4C2273A425EC3DC0002F32F1 /* DateHelper.swift */; };
		4C2273B325EC4464002F32F1 /* ConverterService.swift in Sources */ = {isa = PBXBuildFile; fileRef = 4C2273B225EC4464002F32F1 /* ConverterService.swift */; };
		4C2273B625EC4494002F32F1 /* NetworkManager.swift in Sources */ = {isa = PBXBuildFile; fileRef = 4C2273B525EC4494002F32F1 /* NetworkManager.swift */; };
		4C2273B925EC44B0002F32F1 /* Config.swift in Sources */ = {isa = PBXBuildFile; fileRef = 4C2273B825EC44B0002F32F1 /* Config.swift */; };
/* End PBXBuildFile section */

/* Begin PBXFileReference section */
		16575E37EED579221EFD1FD2 /* Pods-EGTest.release.xcconfig */ = {isa = PBXFileReference; includeInIndex = 1; lastKnownFileType = text.xcconfig; name = "Pods-EGTest.release.xcconfig"; path = "Target Support Files/Pods-EGTest/Pods-EGTest.release.xcconfig"; sourceTree = "<group>"; };
		2EDDC28C6C4ED3DE477D47B9 /* Pods_EGTest.framework */ = {isa = PBXFileReference; explicitFileType = wrapper.framework; includeInIndex = 0; path = Pods_EGTest.framework; sourceTree = BUILT_PRODUCTS_DIR; };
		4C22736625EC3A7D002F32F1 /* EGTest.app */ = {isa = PBXFileReference; explicitFileType = wrapper.application; includeInIndex = 0; path = EGTest.app; sourceTree = BUILT_PRODUCTS_DIR; };
		4C22736925EC3A7D002F32F1 /* AppDelegate.swift */ = {isa = PBXFileReference; lastKnownFileType = sourcecode.swift; path = AppDelegate.swift; sourceTree = "<group>"; };
		4C22736B25EC3A7D002F32F1 /* SceneDelegate.swift */ = {isa = PBXFileReference; lastKnownFileType = sourcecode.swift; path = SceneDelegate.swift; sourceTree = "<group>"; };
		4C22736D25EC3A7D002F32F1 /* ViewController.swift */ = {isa = PBXFileReference; lastKnownFileType = sourcecode.swift; path = ViewController.swift; sourceTree = "<group>"; };
		4C22737225EC3A81002F32F1 /* Assets.xcassets */ = {isa = PBXFileReference; lastKnownFileType = folder.assetcatalog; path = Assets.xcassets; sourceTree = "<group>"; };
		4C22737525EC3A81002F32F1 /* Base */ = {isa = PBXFileReference; lastKnownFileType = file.storyboard; name = Base; path = Base.lproj/LaunchScreen.storyboard; sourceTree = "<group>"; };
		4C22737725EC3A81002F32F1 /* Info.plist */ = {isa = PBXFileReference; lastKnownFileType = text.plist.xml; path = Info.plist; sourceTree = "<group>"; };
		4C22738025EC3AE9002F32F1 /* Color.xcassets */ = {isa = PBXFileReference; lastKnownFileType = folder.assetcatalog; path = Color.xcassets; sourceTree = "<group>"; };
		4C22738625EC3B24002F32F1 /* CustomColor.swift */ = {isa = PBXFileReference; lastKnownFileType = sourcecode.swift; path = CustomColor.swift; sourceTree = "<group>"; };
		4C22738A25EC3C54002F32F1 /* NSMutableAttributedString+Extensions.swift */ = {isa = PBXFileReference; lastKnownFileType = sourcecode.swift; path = "NSMutableAttributedString+Extensions.swift"; sourceTree = "<group>"; };
		4C22738E25EC3C72002F32F1 /* UIViewController+Extension.swift */ = {isa = PBXFileReference; lastKnownFileType = sourcecode.swift; path = "UIViewController+Extension.swift"; sourceTree = "<group>"; };
		4C22739125EC3CB2002F32F1 /* CustomHttpError.swift */ = {isa = PBXFileReference; lastKnownFileType = sourcecode.swift; path = CustomHttpError.swift; sourceTree = "<group>"; };
		4C22739425EC3D19002F32F1 /* OFL.txt */ = {isa = PBXFileReference; fileEncoding = 4; lastKnownFileType = text; path = OFL.txt; sourceTree = "<group>"; };
		4C22739525EC3D19002F32F1 /* MontserratAlternates-SemiBold.ttf */ = {isa = PBXFileReference; lastKnownFileType = file; path = "MontserratAlternates-SemiBold.ttf"; sourceTree = "<group>"; };
		4C22739625EC3D19002F32F1 /* MontserratAlternates-Regular.ttf */ = {isa = PBXFileReference; lastKnownFileType = file; path = "MontserratAlternates-Regular.ttf"; sourceTree = "<group>"; };
		4C22739725EC3D19002F32F1 /* MontserratAlternates-Medium.ttf */ = {isa = PBXFileReference; lastKnownFileType = file; path = "MontserratAlternates-Medium.ttf"; sourceTree = "<group>"; };
		4C22739825EC3D19002F32F1 /* MontserratAlternates-Bold.ttf */ = {isa = PBXFileReference; lastKnownFileType = file; path = "MontserratAlternates-Bold.ttf"; sourceTree = "<group>"; };
		4C2273A025EC3D94002F32F1 /* CustomFont.swift */ = {isa = PBXFileReference; lastKnownFileType = sourcecode.swift; path = CustomFont.swift; sourceTree = "<group>"; };
		4C2273A425EC3DC0002F32F1 /* DateHelper.swift */ = {isa = PBXFileReference; lastKnownFileType = sourcecode.swift; path = DateHelper.swift; sourceTree = "<group>"; };
		4C2273B225EC4464002F32F1 /* ConverterService.swift */ = {isa = PBXFileReference; lastKnownFileType = sourcecode.swift; path = ConverterService.swift; sourceTree = "<group>"; };
		4C2273B525EC4494002F32F1 /* NetworkManager.swift */ = {isa = PBXFileReference; lastKnownFileType = sourcecode.swift; path = NetworkManager.swift; sourceTree = "<group>"; };
		4C2273B825EC44B0002F32F1 /* Config.swift */ = {isa = PBXFileReference; lastKnownFileType = sourcecode.swift; path = Config.swift; sourceTree = "<group>"; };
		4C249F0F45D29FF5914C05E7 /* Pods-EGTest.debug.xcconfig */ = {isa = PBXFileReference; includeInIndex = 1; lastKnownFileType = text.xcconfig; name = "Pods-EGTest.debug.xcconfig"; path = "Target Support Files/Pods-EGTest/Pods-EGTest.debug.xcconfig"; sourceTree = "<group>"; };
/* End PBXFileReference section */

/* Begin PBXFrameworksBuildPhase section */
		4C22736325EC3A7D002F32F1 /* Frameworks */ = {
			isa = PBXFrameworksBuildPhase;
			buildActionMask = 2147483647;
			files = (
				030D2E552B015C8D01E00BC0 /* Pods_EGTest.framework in Frameworks */,
			);
			runOnlyForDeploymentPostprocessing = 0;
		};
/* End PBXFrameworksBuildPhase section */

/* Begin PBXGroup section */
		4C22735D25EC3A7D002F32F1 = {
			isa = PBXGroup;
			children = (
				4C22736825EC3A7D002F32F1 /* EGTest */,
				4C22736725EC3A7D002F32F1 /* Products */,
				CE316F5D3E6FCF47AFC4B656 /* Pods */,
				D7353303E0EAB55A7C57F789 /* Frameworks */,
			);
			sourceTree = "<group>";
		};
		4C22736725EC3A7D002F32F1 /* Products */ = {
			isa = PBXGroup;
			children = (
				4C22736625EC3A7D002F32F1 /* EGTest.app */,
			);
			name = Products;
			sourceTree = "<group>";
		};
		4C22736825EC3A7D002F32F1 /* EGTest */ = {
			isa = PBXGroup;
			children = (
				4C2273A825EC3DFA002F32F1 /* Main */,
				4C22738525EC3B14002F32F1 /* Helper */,
				4C22737F25EC3AC8002F32F1 /* Assets */,
				4C22737E25EC3AA7002F32F1 /* App */,
				4C22736D25EC3A7D002F32F1 /* ViewController.swift */,
				4C22737725EC3A81002F32F1 /* Info.plist */,
			);
			path = EGTest;
			sourceTree = "<group>";
		};
		4C22737E25EC3AA7002F32F1 /* App */ = {
			isa = PBXGroup;
			children = (
				4C22737425EC3A81002F32F1 /* LaunchScreen.storyboard */,
				4C22736B25EC3A7D002F32F1 /* SceneDelegate.swift */,
				4C22736925EC3A7D002F32F1 /* AppDelegate.swift */,
			);
			path = App;
			sourceTree = "<group>";
		};
		4C22737F25EC3AC8002F32F1 /* Assets */ = {
			isa = PBXGroup;
			children = (
				4C22738325EC3AF9002F32F1 /* Fonts */,
				4C22737225EC3A81002F32F1 /* Assets.xcassets */,
				4C22738025EC3AE9002F32F1 /* Color.xcassets */,
			);
			path = Assets;
			sourceTree = "<group>";
		};
		4C22738325EC3AF9002F32F1 /* Fonts */ = {
			isa = PBXGroup;
			children = (
				4C22738425EC3B06002F32F1 /* Montserrat_Alternates */,
			);
			path = Fonts;
			sourceTree = "<group>";
		};
		4C22738425EC3B06002F32F1 /* Montserrat_Alternates */ = {
			isa = PBXGroup;
			children = (
				4C22739825EC3D19002F32F1 /* MontserratAlternates-Bold.ttf */,
				4C22739725EC3D19002F32F1 /* MontserratAlternates-Medium.ttf */,
				4C22739625EC3D19002F32F1 /* MontserratAlternates-Regular.ttf */,
				4C22739525EC3D19002F32F1 /* MontserratAlternates-SemiBold.ttf */,
				4C22739425EC3D19002F32F1 /* OFL.txt */,
			);
			path = Montserrat_Alternates;
			sourceTree = "<group>";
		};
		4C22738525EC3B14002F32F1 /* Helper */ = {
			isa = PBXGroup;
			children = (
				4C22738925EC3C3B002F32F1 /* Extensions */,
				4C22738625EC3B24002F32F1 /* CustomColor.swift */,
				4C22739125EC3CB2002F32F1 /* CustomHttpError.swift */,
				4C2273A025EC3D94002F32F1 /* CustomFont.swift */,
				4C2273A425EC3DC0002F32F1 /* DateHelper.swift */,
			);
			path = Helper;
			sourceTree = "<group>";
		};
		4C22738925EC3C3B002F32F1 /* Extensions */ = {
			isa = PBXGroup;
			children = (
				4C22738A25EC3C54002F32F1 /* NSMutableAttributedString+Extensions.swift */,
				4C22738E25EC3C72002F32F1 /* UIViewController+Extension.swift */,
			);
			path = Extensions;
			sourceTree = "<group>";
		};
		4C2273A825EC3DFA002F32F1 /* Main */ = {
			isa = PBXGroup;
			children = (
				4C2273A925EC3E05002F32F1 /* Networking */,
			);
			path = Main;
			sourceTree = "<group>";
		};
		4C2273A925EC3E05002F32F1 /* Networking */ = {
			isa = PBXGroup;
			children = (
				4C2273B225EC4464002F32F1 /* ConverterService.swift */,
				4C2273B525EC4494002F32F1 /* NetworkManager.swift */,
				4C2273B825EC44B0002F32F1 /* Config.swift */,
			);
			path = Networking;
			sourceTree = "<group>";
		};
		CE316F5D3E6FCF47AFC4B656 /* Pods */ = {
			isa = PBXGroup;
			children = (
				4C249F0F45D29FF5914C05E7 /* Pods-EGTest.debug.xcconfig */,
				16575E37EED579221EFD1FD2 /* Pods-EGTest.release.xcconfig */,
			);
			path = Pods;
			sourceTree = "<group>";
		};
		D7353303E0EAB55A7C57F789 /* Frameworks */ = {
			isa = PBXGroup;
			children = (
				2EDDC28C6C4ED3DE477D47B9 /* Pods_EGTest.framework */,
			);
			name = Frameworks;
			sourceTree = "<group>";
		};
/* End PBXGroup section */

/* Begin PBXNativeTarget section */
		4C22736525EC3A7D002F32F1 /* EGTest */ = {
			isa = PBXNativeTarget;
			buildConfigurationList = 4C22737A25EC3A81002F32F1 /* Build configuration list for PBXNativeTarget "EGTest" */;
			buildPhases = (
				FA951A0B7378A2D1B355F006 /* [CP] Check Pods Manifest.lock */,
				4C22736225EC3A7D002F32F1 /* Sources */,
				4C22736325EC3A7D002F32F1 /* Frameworks */,
				4C22736425EC3A7D002F32F1 /* Resources */,
				9D8F8163DAF2A44DA03056A9 /* [CP] Embed Pods Frameworks */,
			);
			buildRules = (
			);
			dependencies = (
			);
			name = EGTest;
			productName = EGTest;
			productReference = 4C22736625EC3A7D002F32F1 /* EGTest.app */;
			productType = "com.apple.product-type.application";
		};
/* End PBXNativeTarget section */

/* Begin PBXProject section */
		4C22735E25EC3A7D002F32F1 /* Project object */ = {
			isa = PBXProject;
			attributes = {
				LastSwiftUpdateCheck = 1230;
				LastUpgradeCheck = 1230;
				TargetAttributes = {
					4C22736525EC3A7D002F32F1 = {
						CreatedOnToolsVersion = 12.3;
					};
				};
			};
			buildConfigurationList = 4C22736125EC3A7D002F32F1 /* Build configuration list for PBXProject "EGTest" */;
			compatibilityVersion = "Xcode 9.3";
			developmentRegion = en;
			hasScannedForEncodings = 0;
			knownRegions = (
				en,
				Base,
			);
			mainGroup = 4C22735D25EC3A7D002F32F1;
			productRefGroup = 4C22736725EC3A7D002F32F1 /* Products */;
			projectDirPath = "";
			projectRoot = "";
			targets = (
				4C22736525EC3A7D002F32F1 /* EGTest */,
			);
		};
/* End PBXProject section */

/* Begin PBXResourcesBuildPhase section */
		4C22736425EC3A7D002F32F1 /* Resources */ = {
			isa = PBXResourcesBuildPhase;
			buildActionMask = 2147483647;
			files = (
				4C22739925EC3D19002F32F1 /* OFL.txt in Resources */,
				4C22739D25EC3D19002F32F1 /* MontserratAlternates-Bold.ttf in Resources */,
				4C22739B25EC3D19002F32F1 /* MontserratAlternates-Regular.ttf in Resources */,
				4C22737625EC3A81002F32F1 /* LaunchScreen.storyboard in Resources */,
				4C22739C25EC3D19002F32F1 /* MontserratAlternates-Medium.ttf in Resources */,
				4C22738125EC3AE9002F32F1 /* Color.xcassets in Resources */,
				4C22739A25EC3D19002F32F1 /* MontserratAlternates-SemiBold.ttf in Resources */,
				4C22737325EC3A81002F32F1 /* Assets.xcassets in Resources */,
			);
			runOnlyForDeploymentPostprocessing = 0;
		};
/* End PBXResourcesBuildPhase section */

/* Begin PBXShellScriptBuildPhase section */
		9D8F8163DAF2A44DA03056A9 /* [CP] Embed Pods Frameworks */ = {
			isa = PBXShellScriptBuildPhase;
			buildActionMask = 2147483647;
			files = (
			);
			inputFileListPaths = (
				"${PODS_ROOT}/Target Support Files/Pods-EGTest/Pods-EGTest-frameworks-${CONFIGURATION}-input-files.xcfilelist",
			);
			name = "[CP] Embed Pods Frameworks";
			outputFileListPaths = (
				"${PODS_ROOT}/Target Support Files/Pods-EGTest/Pods-EGTest-frameworks-${CONFIGURATION}-output-files.xcfilelist",
			);
			runOnlyForDeploymentPostprocessing = 0;
			shellPath = /bin/sh;
			shellScript = "\"${PODS_ROOT}/Target Support Files/Pods-EGTest/Pods-EGTest-frameworks.sh\"\n";
			showEnvVarsInLog = 0;
		};
		FA951A0B7378A2D1B355F006 /* [CP] Check Pods Manifest.lock */ = {
			isa = PBXShellScriptBuildPhase;
			buildActionMask = 2147483647;
			files = (
			);
			inputFileListPaths = (
			);
			inputPaths = (
				"${PODS_PODFILE_DIR_PATH}/Podfile.lock",
				"${PODS_ROOT}/Manifest.lock",
			);
			name = "[CP] Check Pods Manifest.lock";
			outputFileListPaths = (
			);
			outputPaths = (
				"$(DERIVED_FILE_DIR)/Pods-EGTest-checkManifestLockResult.txt",
			);
			runOnlyForDeploymentPostprocessing = 0;
			shellPath = /bin/sh;
			shellScript = "diff \"${PODS_PODFILE_DIR_PATH}/Podfile.lock\" \"${PODS_ROOT}/Manifest.lock\" > /dev/null\nif [ $? != 0 ] ; then\n    # print error to STDERR\n    echo \"error: The sandbox is not in sync with the Podfile.lock. Run 'pod install' or update your CocoaPods installation.\" >&2\n    exit 1\nfi\n# This output is used by Xcode 'outputs' to avoid re-running this script phase.\necho \"SUCCESS\" > \"${SCRIPT_OUTPUT_FILE_0}\"\n";
			showEnvVarsInLog = 0;
		};
/* End PBXShellScriptBuildPhase section */

/* Begin PBXSourcesBuildPhase section */
		4C22736225EC3A7D002F32F1 /* Sources */ = {
			isa = PBXSourcesBuildPhase;
			buildActionMask = 2147483647;
			files = (
				4C22738F25EC3C72002F32F1 /* UIViewController+Extension.swift in Sources */,
				4C22736E25EC3A7D002F32F1 /* ViewController.swift in Sources */,
				4C22736A25EC3A7D002F32F1 /* AppDelegate.swift in Sources */,
				4C22738725EC3B24002F32F1 /* CustomColor.swift in Sources */,
				4C2273B625EC4494002F32F1 /* NetworkManager.swift in Sources */,
				4C2273B925EC44B0002F32F1 /* Config.swift in Sources */,
				4C22739225EC3CB2002F32F1 /* CustomHttpError.swift in Sources */,
				4C2273A125EC3D94002F32F1 /* CustomFont.swift in Sources */,
				4C2273A525EC3DC0002F32F1 /* DateHelper.swift in Sources */,
				4C22736C25EC3A7D002F32F1 /* SceneDelegate.swift in Sources */,
				4C2273B325EC4464002F32F1 /* ConverterService.swift in Sources */,
				4C22738B25EC3C54002F32F1 /* NSMutableAttributedString+Extensions.swift in Sources */,
			);
			runOnlyForDeploymentPostprocessing = 0;
		};
/* End PBXSourcesBuildPhase section */

/* Begin PBXVariantGroup section */
		4C22737425EC3A81002F32F1 /* LaunchScreen.storyboard */ = {
			isa = PBXVariantGroup;
			children = (
				4C22737525EC3A81002F32F1 /* Base */,
			);
			name = LaunchScreen.storyboard;
			sourceTree = "<group>";
		};
/* End PBXVariantGroup section */

/* Begin XCBuildConfiguration section */
		4C22737825EC3A81002F32F1 /* Debug */ = {
			isa = XCBuildConfiguration;
			buildSettings = {
				ALWAYS_SEARCH_USER_PATHS = NO;
				CLANG_ANALYZER_NONNULL = YES;
				CLANG_ANALYZER_NUMBER_OBJECT_CONVERSION = YES_AGGRESSIVE;
				CLANG_CXX_LANGUAGE_STANDARD = "gnu++14";
				CLANG_CXX_LIBRARY = "libc++";
				CLANG_ENABLE_MODULES = YES;
				CLANG_ENABLE_OBJC_ARC = YES;
				CLANG_ENABLE_OBJC_WEAK = YES;
				CLANG_WARN_BLOCK_CAPTURE_AUTORELEASING = YES;
				CLANG_WARN_BOOL_CONVERSION = YES;
				CLANG_WARN_COMMA = YES;
				CLANG_WARN_CONSTANT_CONVERSION = YES;
				CLANG_WARN_DEPRECATED_OBJC_IMPLEMENTATIONS = YES;
				CLANG_WARN_DIRECT_OBJC_ISA_USAGE = YES_ERROR;
				CLANG_WARN_DOCUMENTATION_COMMENTS = YES;
				CLANG_WARN_EMPTY_BODY = YES;
				CLANG_WARN_ENUM_CONVERSION = YES;
				CLANG_WARN_INFINITE_RECURSION = YES;
				CLANG_WARN_INT_CONVERSION = YES;
				CLANG_WARN_NON_LITERAL_NULL_CONVERSION = YES;
				CLANG_WARN_OBJC_IMPLICIT_RETAIN_SELF = YES;
				CLANG_WARN_OBJC_LITERAL_CONVERSION = YES;
				CLANG_WARN_OBJC_ROOT_CLASS = YES_ERROR;
				CLANG_WARN_QUOTED_INCLUDE_IN_FRAMEWORK_HEADER = YES;
				CLANG_WARN_RANGE_LOOP_ANALYSIS = YES;
				CLANG_WARN_STRICT_PROTOTYPES = YES;
				CLANG_WARN_SUSPICIOUS_MOVE = YES;
				CLANG_WARN_UNGUARDED_AVAILABILITY = YES_AGGRESSIVE;
				CLANG_WARN_UNREACHABLE_CODE = YES;
				CLANG_WARN__DUPLICATE_METHOD_MATCH = YES;
				COPY_PHASE_STRIP = NO;
				DEBUG_INFORMATION_FORMAT = dwarf;
				ENABLE_STRICT_OBJC_MSGSEND = YES;
				ENABLE_TESTABILITY = YES;
				GCC_C_LANGUAGE_STANDARD = gnu11;
				GCC_DYNAMIC_NO_PIC = NO;
				GCC_NO_COMMON_BLOCKS = YES;
				GCC_OPTIMIZATION_LEVEL = 0;
				GCC_PREPROCESSOR_DEFINITIONS = (
					"DEBUG=1",
					"$(inherited)",
				);
				GCC_WARN_64_TO_32_BIT_CONVERSION = YES;
				GCC_WARN_ABOUT_RETURN_TYPE = YES_ERROR;
				GCC_WARN_UNDECLARED_SELECTOR = YES;
				GCC_WARN_UNINITIALIZED_AUTOS = YES_AGGRESSIVE;
				GCC_WARN_UNUSED_FUNCTION = YES;
				GCC_WARN_UNUSED_VARIABLE = YES;
				IPHONEOS_DEPLOYMENT_TARGET = 14.3;
				MTL_ENABLE_DEBUG_INFO = INCLUDE_SOURCE;
				MTL_FAST_MATH = YES;
				ONLY_ACTIVE_ARCH = YES;
				SDKROOT = iphoneos;
				SWIFT_ACTIVE_COMPILATION_CONDITIONS = DEBUG;
				SWIFT_OPTIMIZATION_LEVEL = "-Onone";
			};
			name = Debug;
		};
		4C22737925EC3A81002F32F1 /* Release */ = {
			isa = XCBuildConfiguration;
			buildSettings = {
				ALWAYS_SEARCH_USER_PATHS = NO;
				CLANG_ANALYZER_NONNULL = YES;
				CLANG_ANALYZER_NUMBER_OBJECT_CONVERSION = YES_AGGRESSIVE;
				CLANG_CXX_LANGUAGE_STANDARD = "gnu++14";
				CLANG_CXX_LIBRARY = "libc++";
				CLANG_ENABLE_MODULES = YES;
				CLANG_ENABLE_OBJC_ARC = YES;
				CLANG_ENABLE_OBJC_WEAK = YES;
				CLANG_WARN_BLOCK_CAPTURE_AUTORELEASING = YES;
				CLANG_WARN_BOOL_CONVERSION = YES;
				CLANG_WARN_COMMA = YES;
				CLANG_WARN_CONSTANT_CONVERSION = YES;
				CLANG_WARN_DEPRECATED_OBJC_IMPLEMENTATIONS = YES;
				CLANG_WARN_DIRECT_OBJC_ISA_USAGE = YES_ERROR;
				CLANG_WARN_DOCUMENTATION_COMMENTS = YES;
				CLANG_WARN_EMPTY_BODY = YES;
				CLANG_WARN_ENUM_CONVERSION = YES;
				CLANG_WARN_INFINITE_RECURSION = YES;
				CLANG_WARN_INT_CONVERSION = YES;
				CLANG_WARN_NON_LITERAL_NULL_CONVERSION = YES;
				CLANG_WARN_OBJC_IMPLICIT_RETAIN_SELF = YES;
				CLANG_WARN_OBJC_LITERAL_CONVERSION = YES;
				CLANG_WARN_OBJC_ROOT_CLASS = YES_ERROR;
				CLANG_WARN_QUOTED_INCLUDE_IN_FRAMEWORK_HEADER = YES;
				CLANG_WARN_RANGE_LOOP_ANALYSIS = YES;
				CLANG_WARN_STRICT_PROTOTYPES = YES;
				CLANG_WARN_SUSPICIOUS_MOVE = YES;
				CLANG_WARN_UNGUARDED_AVAILABILITY = YES_AGGRESSIVE;
				CLANG_WARN_UNREACHABLE_CODE = YES;
				CLANG_WARN__DUPLICATE_METHOD_MATCH = YES;
				COPY_PHASE_STRIP = NO;
				DEBUG_INFORMATION_FORMAT = "dwarf-with-dsym";
				ENABLE_NS_ASSERTIONS = NO;
				ENABLE_STRICT_OBJC_MSGSEND = YES;
				GCC_C_LANGUAGE_STANDARD = gnu11;
				GCC_NO_COMMON_BLOCKS = YES;
				GCC_WARN_64_TO_32_BIT_CONVERSION = YES;
				GCC_WARN_ABOUT_RETURN_TYPE = YES_ERROR;
				GCC_WARN_UNDECLARED_SELECTOR = YES;
				GCC_WARN_UNINITIALIZED_AUTOS = YES_AGGRESSIVE;
				GCC_WARN_UNUSED_FUNCTION = YES;
				GCC_WARN_UNUSED_VARIABLE = YES;
				IPHONEOS_DEPLOYMENT_TARGET = 14.3;
				MTL_ENABLE_DEBUG_INFO = NO;
				MTL_FAST_MATH = YES;
				SDKROOT = iphoneos;
				SWIFT_COMPILATION_MODE = wholemodule;
				SWIFT_OPTIMIZATION_LEVEL = "-O";
				VALIDATE_PRODUCT = YES;
			};
			name = Release;
		};
		4C22737B25EC3A81002F32F1 /* Debug */ = {
			isa = XCBuildConfiguration;
			baseConfigurationReference = 4C249F0F45D29FF5914C05E7 /* Pods-EGTest.debug.xcconfig */;
			buildSettings = {
				ASSETCATALOG_COMPILER_APPICON_NAME = AppIcon;
				ASSETCATALOG_COMPILER_GLOBAL_ACCENT_COLOR_NAME = AccentColor;
				CODE_SIGN_STYLE = Automatic;
				DEVELOPMENT_TEAM = 36X855UTYZ;
				INFOPLIST_FILE = EGTest/Info.plist;
				LD_RUNPATH_SEARCH_PATHS = (
					"$(inherited)",
					"@executable_path/Frameworks",
				);
				PRODUCT_BUNDLE_IDENTIFIER = com.olajuwon.EGTest;
				PRODUCT_NAME = "$(TARGET_NAME)";
				SWIFT_VERSION = 5.0;
				TARGETED_DEVICE_FAMILY = "1,2";
			};
			name = Debug;
		};
		4C22737C25EC3A81002F32F1 /* Release */ = {
			isa = XCBuildConfiguration;
			baseConfigurationReference = 16575E37EED579221EFD1FD2 /* Pods-EGTest.release.xcconfig */;
			buildSettings = {
				ASSETCATALOG_COMPILER_APPICON_NAME = AppIcon;
				ASSETCATALOG_COMPILER_GLOBAL_ACCENT_COLOR_NAME = AccentColor;
				CODE_SIGN_STYLE = Automatic;
				DEVELOPMENT_TEAM = 36X855UTYZ;
				INFOPLIST_FILE = EGTest/Info.plist;
				LD_RUNPATH_SEARCH_PATHS = (
					"$(inherited)",
					"@executable_path/Frameworks",
				);
				PRODUCT_BUNDLE_IDENTIFIER = com.olajuwon.EGTest;
				PRODUCT_NAME = "$(TARGET_NAME)";
				SWIFT_VERSION = 5.0;
				TARGETED_DEVICE_FAMILY = "1,2";
			};
			name = Release;
		};
/* End XCBuildConfiguration section */

/* Begin XCConfigurationList section */
		4C22736125EC3A7D002F32F1 /* Build configuration list for PBXProject "EGTest" */ = {
			isa = XCConfigurationList;
			buildConfigurations = (
				4C22737825EC3A81002F32F1 /* Debug */,
				4C22737925EC3A81002F32F1 /* Release */,
			);
			defaultConfigurationIsVisible = 0;
			defaultConfigurationName = Release;
		};
		4C22737A25EC3A81002F32F1 /* Build configuration list for PBXNativeTarget "EGTest" */ = {
			isa = XCConfigurationList;
			buildConfigurations = (
				4C22737B25EC3A81002F32F1 /* Debug */,
				4C22737C25EC3A81002F32F1 /* Release */,
			);
			defaultConfigurationIsVisible = 0;
			defaultConfigurationName = Release;
		};
/* End XCConfigurationList section */
	};
	rootObject = 4C22735E25EC3A7D002F32F1 /* Project object */;
}
